{
  "name": "restful-rpc-client",
  "version": "0.0.1",
  "lockfileVersion": 1,
  "requires": true,
  "dependencies": {
    "agentkeepalive": {
      "version": "3.4.1",
      "resolved": "https://registry.npmjs.org/agentkeepalive/-/agentkeepalive-3.4.1.tgz",
      "integrity": "sha512-MPIwsZU9PP9kOrZpyu2042kYA8Fdt/AedQYkYXucHgF9QoD9dXVp0ypuGnHXSR0hTstBxdt85Xkh4JolYfK5wg==",
      "requires": {
        "humanize-ms": "^1.2.1"
      }
    },
    "humanize-ms": {
      "version": "1.2.1",
      "resolved": "https://registry.npmjs.org/humanize-ms/-/humanize-ms-1.2.1.tgz",
      "integrity": "sha1-xG4xWaKT9riW2ikxbYtv6Lt5u+0=",
      "requires": {
        "ms": "^2.0.0"
      }
    },
    "ms": {
      "version": "2.1.1",
      "resolved": "https://registry.npmjs.org/ms/-/ms-2.1.1.tgz",
      "integrity": "sha512-tgp+dl5cGk28utYktBsrFqA7HKgrhgPsg6Z/EfhWI4gl1Hwq8B/GmY/0oXZ6nF8hDVesS/FpnYaD/kOWhYQvyg=="
    },
    "node-define-error": {
      "version": "0.1.2",
      "resolved": "https://registry.npmjs.org/node-define-error/-/node-define-error-0.1.2.tgz",
      "integrity": "sha512-o0SlzHda533pEj+nOoll0dGUHYoXNBLW0ON3muU3ba+B/Akoc5MP6afmRPPRUA0hkiBW1cm1ZtmBpId4JwF8Fw=="
    }
  }
}
